{
  "requires": true,
  "lockfileVersion": 1,
  "dependencies": {
    "pino-caceres-tecsup": {
      "version": "0.0.1",
      "resolved": "https://registry.npmjs.org/pino-caceres-tecsup/-/pino-caceres-tecsup-0.0.1.tgz",
      "integrity": "sha512-Q2WiwIELr2A5CbjYcFjZiO09Kr9+DhSdB1rO392dHCvUFbtK7Jctwoe58iv8tN9kui2DVLacI7ElG6lZQ2ZnJg==",
      "requires": {
        "underscore": "1.8.3"
      }
    },
    "underscore": {
      "version": "1.8.3",
      "resolved": "https://registry.npmjs.org/underscore/-/underscore-1.8.3.tgz",
      "integrity": "sha1-Tz+1OxBuYJf8+ctBCfKl6b36UCI="
    }
  }
}
